
Microsoft Visual Studio Solution File, Format Version 12.00
# Visual Studio 15
VisualStudioVersion = 15.0.28307.106
MinimumVisualStudioVersion = 10.0.40219.1
Project("{FAE04EC0-301F-11D3-BF4B-00C04F79EFBC}") = "DollarConverter.UI", "DollarConverter.UI\DollarConverter.UI.csproj", "{942B523B-60F5-4DC6-A55D-74A89DE81EF4}"
EndProject
Project("{2150E333-8FDC-42A3-9474-1A3956D46DE8}") = "Server", "Server", "{553C58CE-7EB8-478E-B226-E417C42006C5}"
EndProject
Project("{FAE04EC0-301F-11D3-BF4B-00C04F79EFBC}") = "DollarConverter.Service", "DollarConverter.Service\DollarConverter.Service.csproj", "{CF53AD03-2F78-484E-8D1D-9F5BD27C1E6D}"
EndProject
Global
	GlobalSection(SolutionConfigurationPlatforms) = preSolution
		Debug|Any CPU = Debug|Any CPU
		Release|Any CPU = Release|Any CPU
	EndGlobalSection
	GlobalSection(ProjectConfigurationPlatforms) = postSolution
		{942B523B-60F5-4DC6-A55D-74A89DE81EF4}.Debug|Any CPU.ActiveCfg = Debug|Any CPU
		{942B523B-60F5-4DC6-A55D-74A89DE81EF4}.Debug|Any CPU.Build.0 = Debug|Any CPU
		{942B523B-60F5-4DC6-A55D-74A89DE81EF4}.Release|Any CPU.ActiveCfg = Release|Any CPU
		{942B523B-60F5-4DC6-A55D-74A89DE81EF4}.Release|Any CPU.Build.0 = Release|Any CPU
		{CF53AD03-2F78-484E-8D1D-9F5BD27C1E6D}.Debug|Any CPU.ActiveCfg = Debug|Any CPU
		{CF53AD03-2F78-484E-8D1D-9F5BD27C1E6D}.Debug|Any CPU.Build.0 = Debug|Any CPU
		{CF53AD03-2F78-484E-8D1D-9F5BD27C1E6D}.Release|Any CPU.ActiveCfg = Release|Any CPU
		{CF53AD03-2F78-484E-8D1D-9F5BD27C1E6D}.Release|Any CPU.Build.0 = Release|Any CPU
	EndGlobalSection
	GlobalSection(SolutionProperties) = preSolution
		HideSolutionNode = FALSE
	EndGlobalSection
	GlobalSection(NestedProjects) = preSolution
		{CF53AD03-2F78-484E-8D1D-9F5BD27C1E6D} = {553C58CE-7EB8-478E-B226-E417C42006C5}
	EndGlobalSection
	GlobalSection(ExtensibilityGlobals) = postSolution
		SolutionGuid = {29E45ECF-D291-47DF-B884-A8DF16CA0A4D}
	EndGlobalSection
EndGlobal
